
Microsoft Visual Studio Solution File, Format Version 12.00
# Visual Studio Version 16
VisualStudioVersion = 16.0.30225.117
MinimumVisualStudioVersion = 10.0.40219.1
Project("{9A19103F-16F7-4668-BE54-9A1E7A4F7556}") = "WebApplication", "WebApplication\WebApplication.csproj", "{3A9FE7F4-90F7-42FD-8D60-3FFE5CCCE677}"
EndProject
Project("{FAE04EC0-301F-11D3-BF4B-00C04F79EFBC}") = "Heisen.Core", "Heisen.Core\Heisen.Core.csproj", "{0805F503-96A7-45F8-B299-41DECFCBE6D2}"
EndProject
Global
	GlobalSection(SolutionConfigurationPlatforms) = preSolution
		Debug|Any CPU = Debug|Any CPU
		Release|Any CPU = Release|Any CPU
	EndGlobalSection
	GlobalSection(ProjectConfigurationPlatforms) = postSolution
		{3A9FE7F4-90F7-42FD-8D60-3FFE5CCCE677}.Debug|Any CPU.ActiveCfg = Debug|Any CPU
		{3A9FE7F4-90F7-42FD-8D60-3FFE5CCCE677}.Debug|Any CPU.Build.0 = Debug|Any CPU
		{3A9FE7F4-90F7-42FD-8D60-3FFE5CCCE677}.Release|Any CPU.ActiveCfg = Release|Any CPU
		{3A9FE7F4-90F7-42FD-8D60-3FFE5CCCE677}.Release|Any CPU.Build.0 = Release|Any CPU
		{0805F503-96A7-45F8-B299-41DECFCBE6D2}.Debug|Any CPU.ActiveCfg = Debug|Any CPU
		{0805F503-96A7-45F8-B299-41DECFCBE6D2}.Debug|Any CPU.Build.0 = Debug|Any CPU
		{0805F503-96A7-45F8-B299-41DECFCBE6D2}.Release|Any CPU.ActiveCfg = Release|Any CPU
		{0805F503-96A7-45F8-B299-41DECFCBE6D2}.Release|Any CPU.Build.0 = Release|Any CPU
	EndGlobalSection
	GlobalSection(SolutionProperties) = preSolution
		HideSolutionNode = FALSE
	EndGlobalSection
	GlobalSection(ExtensibilityGlobals) = postSolution
		SolutionGuid = {5CF0005C-FF28-4E2E-A17B-EE8E900EE6DB}
	EndGlobalSection
EndGlobal
